
Microsoft Visual Studio Solution File, Format Version 12.00
Project("{2150E333-8FDC-42A3-9474-1A3956D46DE8}") = "src", "src", "{4CE952A5-E0E5-4646-9C24-C42F71AC35D4}"
EndProject
Project("{2150E333-8FDC-42A3-9474-1A3956D46DE8}") = "tests", "tests", "{CA69139F-8F22-4A9E-B612-F9D65F4EF231}"
EndProject
Project("{2150E333-8FDC-42A3-9474-1A3956D46DE8}") = "database", "database", "{DA1CBD0F-1A90-4793-9E98-A5B89DD202B2}"
EndProject
Project("{2150E333-8FDC-42A3-9474-1A3956D46DE8}") = "design", "design", "{0B9DE21F-117A-4D97-84D1-FF1838E7FC25}"
EndProject
Project("{2150E333-8FDC-42A3-9474-1A3956D46DE8}") = "docs", "docs", "{F7EF2DEA-43C9-429D-B399-CDDE9FD345AF}"
EndProject
Project("{2150E333-8FDC-42A3-9474-1A3956D46DE8}") = "docker", "docker", "{589E6852-4680-41B1-AE4F-19ECD37D1023}"
EndProject
Project("{FAE04EC0-301F-11D3-BF4B-00C04F79EFBC}") = "NexAsset.Domain", "src\NexAsset.Domain\NexAsset.Domain.csproj", "{7C0DEACE-F425-4091-8177-5E1EDE862125}"
EndProject
Project("{FAE04EC0-301F-11D3-BF4B-00C04F79EFBC}") = "NexAsset.Application", "src\NexAsset.Application\NexAsset.Application.csproj", "{B92D1F12-33C7-4FB1-9E46-1BF71354A9A1}"
EndProject
Project("{FAE04EC0-301F-11D3-BF4B-00C04F79EFBC}") = "NexAsset.Infrastructure", "src\NexAsset.Infrastructure\NexAsset.Infrastructure.csproj", "{B293D03D-E11B-402D-B924-D8552D26B9B6}"
EndProject
Project("{FAE04EC0-301F-11D3-BF4B-00C04F79EFBC}") = "NexAsset.API", "src\NexAsset.API\NexAsset.API.csproj", "{0E911048-0899-403B-8D9A-4E90FE87567B}"
EndProject
Project("{FAE04EC0-301F-11D3-BF4B-00C04F79EFBC}") = "NexAsset.Web", "src\NexAsset.Web\NexAsset.Web.csproj", "{8388C4FA-2ED1-46AF-88CA-063C52D3E99D}"
EndProject
Project("{FAE04EC0-301F-11D3-BF4B-00C04F79EFBC}") = "NexAsset.Application.UnitTests", "tests\NexAsset.Application.UnitTests\NexAsset.Application.UnitTests.csproj", "{C61B24C0-D1B1-4FB0-B791-501005456362}"
EndProject
Global
	GlobalSection(SolutionConfigurationPlatforms) = preSolution
		Debug|Any CPU = Debug|Any CPU
		Debug|x64 = Debug|x64
		Debug|x86 = Debug|x86
		Release|Any CPU = Release|Any CPU
		Release|x64 = Release|x64
		Release|x86 = Release|x86
	EndGlobalSection
	GlobalSection(ProjectConfigurationPlatforms) = postSolution
		{7C0DEACE-F425-4091-8177-5E1EDE862125}.Debug|Any CPU.ActiveCfg = Debug|Any CPU
		{7C0DEACE-F425-4091-8177-5E1EDE862125}.Debug|Any CPU.Build.0 = Debug|Any CPU
		{7C0DEACE-F425-4091-8177-5E1EDE862125}.Debug|x64.ActiveCfg = Debug|Any CPU
		{7C0DEACE-F425-4091-8177-5E1EDE862125}.Debug|x64.Build.0 = Debug|Any CPU
		{7C0DEACE-F425-4091-8177-5E1EDE862125}.Debug|x86.ActiveCfg = Debug|Any CPU
		{7C0DEACE-F425-4091-8177-5E1EDE862125}.Debug|x86.Build.0 = Debug|Any CPU
		{7C0DEACE-F425-4091-8177-5E1EDE862125}.Release|Any CPU.ActiveCfg = Release|Any CPU
		{7C0DEACE-F425-4091-8177-5E1EDE862125}.Release|Any CPU.Build.0 = Release|Any CPU
		{7C0DEACE-F425-4091-8177-5E1EDE862125}.Release|x64.ActiveCfg = Release|Any CPU
		{7C0DEACE-F425-4091-8177-5E1EDE862125}.Release|x64.Build.0 = Release|Any CPU
		{7C0DEACE-F425-4091-8177-5E1EDE862125}.Release|x86.ActiveCfg = Release|Any CPU
		{7C0DEACE-F425-4091-8177-5E1EDE862125}.Release|x86.Build.0 = Release|Any CPU
		{B92D1F12-33C7-4FB1-9E46-1BF71354A9A1}.Debug|Any CPU.ActiveCfg = Debug|Any CPU
		{B92D1F12-33C7-4FB1-9E46-1BF71354A9A1}.Debug|Any CPU.Build.0 = Debug|Any CPU
		{B92D1F12-33C7-4FB1-9E46-1BF71354A9A1}.Debug|x64.ActiveCfg = Debug|Any CPU
		{B92D1F12-33C7-4FB1-9E46-1BF71354A9A1}.Debug|x64.Build.0 = Debug|Any CPU
		{B92D1F12-33C7-4FB1-9E46-1BF71354A9A1}.Debug|x86.ActiveCfg = Debug|Any CPU
		{B92D1F12-33C7-4FB1-9E46-1BF71354A9A1}.Debug|x86.Build.0 = Debug|Any CPU
		{B92D1F12-33C7-4FB1-9E46-1BF71354A9A1}.Release|Any CPU.ActiveCfg = Release|Any CPU
		{B92D1F12-33C7-4FB1-9E46-1BF71354A9A1}.Release|Any CPU.Build.0 = Release|Any CPU
		{B92D1F12-33C7-4FB1-9E46-1BF71354A9A1}.Release|x64.ActiveCfg = Release|Any CPU
		{B92D1F12-33C7-4FB1-9E46-1BF71354A9A1}.Release|x64.Build.0 = Release|Any CPU
		{B92D1F12-33C7-4FB1-9E46-1BF71354A9A1}.Release|x86.ActiveCfg = Release|Any CPU
		{B92D1F12-33C7-4FB1-9E46-1BF71354A9A1}.Release|x86.Build.0 = Release|Any CPU
		{B293D03D-E11B-402D-B924-D8552D26B9B6}.Debug|Any CPU.ActiveCfg = Debug|Any CPU
		{B293D03D-E11B-402D-B924-D8552D26B9B6}.Debug|Any CPU.Build.0 = Debug|Any CPU
		{B293D03D-E11B-402D-B924-D8552D26B9B6}.Debug|x64.ActiveCfg = Debug|Any CPU
		{B293D03D-E11B-402D-B924-D8552D26B9B6}.Debug|x64.Build.0 = Debug|Any CPU
		{B293D03D-E11B-402D-B924-D8552D26B9B6}.Debug|x86.ActiveCfg = Debug|Any CPU
		{B293D03D-E11B-402D-B924-D8552D26B9B6}.Debug|x86.Build.0 = Debug|Any CPU
		{B293D03D-E11B-402D-B924-D8552D26B9B6}.Release|Any CPU.ActiveCfg = Release|Any CPU
		{B293D03D-E11B-402D-B924-D8552D26B9B6}.Release|Any CPU.Build.0 = Release|Any CPU
		{B293D03D-E11B-402D-B924-D8552D26B9B6}.Release|x64.ActiveCfg = Release|Any CPU
		{B293D03D-E11B-402D-B924-D8552D26B9B6}.Release|x64.Build.0 = Release|Any CPU
		{B293D03D-E11B-402D-B924-D8552D26B9B6}.Release|x86.ActiveCfg = Release|Any CPU
		{B293D03D-E11B-402D-B924-D8552D26B9B6}.Release|x86.Build.0 = Release|Any CPU
		{0E911048-0899-403B-8D9A-4E90FE87567B}.Debug|Any CPU.ActiveCfg = Debug|Any CPU
		{0E911048-0899-403B-8D9A-4E90FE87567B}.Debug|Any CPU.Build.0 = Debug|Any CPU
		{0E911048-0899-403B-8D9A-4E90FE87567B}.Debug|x64.ActiveCfg = Debug|Any CPU
		{0E911048-0899-403B-8D9A-4E90FE87567B}.Debug|x64.Build.0 = Debug|Any CPU
		{0E911048-0899-403B-8D9A-4E90FE87567B}.Debug|x86.ActiveCfg = Debug|Any CPU
		{0E911048-0899-403B-8D9A-4E90FE87567B}.Debug|x86.Build.0 = Debug|Any CPU
		{0E911048-0899-403B-8D9A-4E90FE87567B}.Release|Any CPU.ActiveCfg = Release|Any CPU
		{0E911048-0899-403B-8D9A-4E90FE87567B}.Release|Any CPU.Build.0 = Release|Any CPU
		{0E911048-0899-403B-8D9A-4E90FE87567B}.Release|x64.ActiveCfg = Release|Any CPU
		{0E911048-0899-403B-8D9A-4E90FE87567B}.Release|x64.Build.0 = Release|Any CPU
		{0E911048-0899-403B-8D9A-4E90FE87567B}.Release|x86.ActiveCfg = Release|Any CPU
		{0E911048-0899-403B-8D9A-4E90FE87567B}.Release|x86.Build.0 = Release|Any CPU
		{8388C4FA-2ED1-46AF-88CA-063C52D3E99D}.Debug|Any CPU.ActiveCfg = Debug|Any CPU
		{8388C4FA-2ED1-46AF-88CA-063C52D3E99D}.Debug|Any CPU.Build.0 = Debug|Any CPU
		{8388C4FA-2ED1-46AF-88CA-063C52D3E99D}.Debug|x64.ActiveCfg = Debug|Any CPU
		{8388C4FA-2ED1-46AF-88CA-063C52D3E99D}.Debug|x64.Build.0 = Debug|Any CPU
		{8388C4FA-2ED1-46AF-88CA-063C52D3E99D}.Debug|x86.ActiveCfg = Debug|Any CPU
		{8388C4FA-2ED1-46AF-88CA-063C52D3E99D}.Debug|x86.Build.0 = Debug|Any CPU
		{8388C4FA-2ED1-46AF-88CA-063C52D3E99D}.Release|Any CPU.ActiveCfg = Release|Any CPU
		{8388C4FA-2ED1-46AF-88CA-063C52D3E99D}.Release|Any CPU.Build.0 = Release|Any CPU
		{8388C4FA-2ED1-46AF-88CA-063C52D3E99D}.Release|x64.ActiveCfg = Release|Any CPU
		{8388C4FA-2ED1-46AF-88CA-063C52D3E99D}.Release|x64.Build.0 = Release|Any CPU
		{8388C4FA-2ED1-46AF-88CA-063C52D3E99D}.Release|x86.ActiveCfg = Release|Any CPU
		{8388C4FA-2ED1-46AF-88CA-063C52D3E99D}.Release|x86.Build.0 = Release|Any CPU
		{C61B24C0-D1B1-4FB0-B791-501005456362}.Debug|Any CPU.ActiveCfg = Debug|Any CPU
		{C61B24C0-D1B1-4FB0-B791-501005456362}.Debug|Any CPU.Build.0 = Debug|Any CPU
		{C61B24C0-D1B1-4FB0-B791-501005456362}.Debug|x64.ActiveCfg = Debug|Any CPU
		{C61B24C0-D1B1-4FB0-B791-501005456362}.Debug|x64.Build.0 = Debug|Any CPU
		{C61B24C0-D1B1-4FB0-B791-501005456362}.Debug|x86.ActiveCfg = Debug|Any CPU
		{C61B24C0-D1B1-4FB0-B791-501005456362}.Debug|x86.Build.0 = Debug|Any CPU
		{C61B24C0-D1B1-4FB0-B791-501005456362}.Release|Any CPU.ActiveCfg = Release|Any CPU
		{C61B24C0-D1B1-4FB0-B791-501005456362}.Release|Any CPU.Build.0 = Release|Any CPU
		{C61B24C0-D1B1-4FB0-B791-501005456362}.Release|x64.ActiveCfg = Release|Any CPU
		{C61B24C0-D1B1-4FB0-B791-501005456362}.Release|x64.Build.0 = Release|Any CPU
		{C61B24C0-D1B1-4FB0-B791-501005456362}.Release|x86.ActiveCfg = Release|Any CPU
		{C61B24C0-D1B1-4FB0-B791-501005456362}.Release|x86.Build.0 = Release|Any CPU
	EndGlobalSection
	GlobalSection(SolutionProperties) = preSolution
		HideSolutionNode = FALSE
	EndGlobalSection
	GlobalSection(NestedProjects) = preSolution
		{7C0DEACE-F425-4091-8177-5E1EDE862125} = {4CE952A5-E0E5-4646-9C24-C42F71AC35D4}
		{B92D1F12-33C7-4FB1-9E46-1BF71354A9A1} = {4CE952A5-E0E5-4646-9C24-C42F71AC35D4}
		{B293D03D-E11B-402D-B924-D8552D26B9B6} = {4CE952A5-E0E5-4646-9C24-C42F71AC35D4}
		{0E911048-0899-403B-8D9A-4E90FE87567B} = {4CE952A5-E0E5-4646-9C24-C42F71AC35D4}
		{8388C4FA-2ED1-46AF-88CA-063C52D3E99D} = {4CE952A5-E0E5-4646-9C24-C42F71AC35D4}
		{C61B24C0-D1B1-4FB0-B791-501005456362} = {CA69139F-8F22-4A9E-B612-F9D65F4EF231}
	EndGlobalSection
EndGlobal
